{
  "requires": true,
  "lockfileVersion": 1,
  "dependencies": {
    "director": {
      "version": "1.2.8",
      "resolved": "https://registry.npm.taobao.org/director/download/director-1.2.8.tgz",
      "integrity": "sha1-xtm03YkOmv9TZRg/6cyOc5lM8tU="
    },
    "knockout": {
      "version": "3.5.1",
      "resolved": "https://registry.npm.taobao.org/knockout/download/knockout-3.5.1.tgz",
      "integrity": "sha1-YsgegYQ76iAI/SPFde3ZypeOdc8="
    },
    "todomvc-app-css": {
      "version": "2.3.0",
      "resolved": "https://registry.npm.taobao.org/todomvc-app-css/download/todomvc-app-css-2.3.0.tgz",
      "integrity": "sha1-zCfxaGq0xBju9OeQKJzBJLrKJUY="
    },
    "todomvc-common": {
      "version": "1.0.5",
      "resolved": "https://registry.npm.taobao.org/todomvc-common/download/todomvc-common-1.0.5.tgz",
      "integrity": "sha1-jD55msnx/BVz4MIE+YRRCCaRRzA="
    }
  }
}
